
Microsoft Visual Studio Solution File, Format Version 12.00
# Visual Studio Version 17
VisualStudioVersion = 17.9.34728.123
MinimumVisualStudioVersion = 10.0.40219.1
Project("{FAE04EC0-301F-11D3-BF4B-00C04F79EFBC}") = "ASyncMethod", "ConsoleApp2\ASyncMethod.csproj", "{1C2068D8-8716-4BD9-A1F0-D48A4D53D93A}"
EndProject
Project("{FAE04EC0-301F-11D3-BF4B-00C04F79EFBC}") = "SyncMethod", "CyncMethod\SyncMethod.csproj", "{F9D4D07D-3ACA-4B23-BED9-A4B65484144F}"
EndProject
Global
	GlobalSection(SolutionConfigurationPlatforms) = preSolution
		Debug|Any CPU = Debug|Any CPU
		Release|Any CPU = Release|Any CPU
	EndGlobalSection
	GlobalSection(ProjectConfigurationPlatforms) = postSolution
		{1C2068D8-8716-4BD9-A1F0-D48A4D53D93A}.Debug|Any CPU.ActiveCfg = Debug|Any CPU
		{1C2068D8-8716-4BD9-A1F0-D48A4D53D93A}.Debug|Any CPU.Build.0 = Debug|Any CPU
		{1C2068D8-8716-4BD9-A1F0-D48A4D53D93A}.Release|Any CPU.ActiveCfg = Release|Any CPU
		{1C2068D8-8716-4BD9-A1F0-D48A4D53D93A}.Release|Any CPU.Build.0 = Release|Any CPU
		{F9D4D07D-3ACA-4B23-BED9-A4B65484144F}.Debug|Any CPU.ActiveCfg = Debug|Any CPU
		{F9D4D07D-3ACA-4B23-BED9-A4B65484144F}.Debug|Any CPU.Build.0 = Debug|Any CPU
		{F9D4D07D-3ACA-4B23-BED9-A4B65484144F}.Release|Any CPU.ActiveCfg = Release|Any CPU
		{F9D4D07D-3ACA-4B23-BED9-A4B65484144F}.Release|Any CPU.Build.0 = Release|Any CPU
	EndGlobalSection
	GlobalSection(SolutionProperties) = preSolution
		HideSolutionNode = FALSE
	EndGlobalSection
	GlobalSection(ExtensibilityGlobals) = postSolution
		SolutionGuid = {06A36858-E3A7-458D-8BD2-D08FE3581E47}
	EndGlobalSection
EndGlobal
